
Microsoft Visual Studio Solution File, Format Version 12.00
# Visual Studio 15
VisualStudioVersion = 15.0.28307.705
MinimumVisualStudioVersion = 10.0.40219.1
Project("{FAE04EC0-301F-11D3-BF4B-00C04F79EFBC}") = "FightingGame_KMC", "FightingGame_KMC\FightingGame_KMC.csproj", "{4424D795-5F0D-45AA-847E-DB9D4C54AEDF}"
EndProject
Global
	GlobalSection(SolutionConfigurationPlatforms) = preSolution
		Debug|Any CPU = Debug|Any CPU
		Release|Any CPU = Release|Any CPU
	EndGlobalSection
	GlobalSection(ProjectConfigurationPlatforms) = postSolution
		{4424D795-5F0D-45AA-847E-DB9D4C54AEDF}.Debug|Any CPU.ActiveCfg = Debug|Any CPU
		{4424D795-5F0D-45AA-847E-DB9D4C54AEDF}.Debug|Any CPU.Build.0 = Debug|Any CPU
		{4424D795-5F0D-45AA-847E-DB9D4C54AEDF}.Release|Any CPU.ActiveCfg = Release|Any CPU
		{4424D795-5F0D-45AA-847E-DB9D4C54AEDF}.Release|Any CPU.Build.0 = Release|Any CPU
	EndGlobalSection
	GlobalSection(SolutionProperties) = preSolution
		HideSolutionNode = FALSE
	EndGlobalSection
	GlobalSection(ExtensibilityGlobals) = postSolution
		SolutionGuid = {E9E8CAA9-BC80-4378-87B4-51F0B09E75F6}
	EndGlobalSection
EndGlobal
