
Microsoft Visual Studio Solution File, Format Version 12.00
# Visual Studio 15
VisualStudioVersion = 15.0.28307.705
MinimumVisualStudioVersion = 10.0.40219.1
Project("{FAE04EC0-301F-11D3-BF4B-00C04F79EFBC}") = "fishing_game", "fishing_game\fishing_game.csproj", "{E397A61B-B1DF-44D3-BF7E-591E67A6F6D5}"
EndProject
Global
	GlobalSection(SolutionConfigurationPlatforms) = preSolution
		Debug|Any CPU = Debug|Any CPU
		Release|Any CPU = Release|Any CPU
	EndGlobalSection
	GlobalSection(ProjectConfigurationPlatforms) = postSolution
		{E397A61B-B1DF-44D3-BF7E-591E67A6F6D5}.Debug|Any CPU.ActiveCfg = Debug|Any CPU
		{E397A61B-B1DF-44D3-BF7E-591E67A6F6D5}.Debug|Any CPU.Build.0 = Debug|Any CPU
		{E397A61B-B1DF-44D3-BF7E-591E67A6F6D5}.Release|Any CPU.ActiveCfg = Release|Any CPU
		{E397A61B-B1DF-44D3-BF7E-591E67A6F6D5}.Release|Any CPU.Build.0 = Release|Any CPU
	EndGlobalSection
	GlobalSection(SolutionProperties) = preSolution
		HideSolutionNode = FALSE
	EndGlobalSection
	GlobalSection(ExtensibilityGlobals) = postSolution
		SolutionGuid = {33744CD3-050A-4F33-B12E-04C603F56479}
	EndGlobalSection
EndGlobal
